
Microsoft Visual Studio Solution File, Format Version 12.00
# Visual Studio 15
VisualStudioVersion = 15.0.25123.0
MinimumVisualStudioVersion = 10.0.40219.1
Project("{FAE04EC0-301F-11D3-BF4B-00C04F79EFBC}") = "MEF.WPF", "MEF.WPF\MEF.WPF.csproj", "{82E86D34-1514-4EC3-9084-CE79B834A8F4}"
EndProject
Global
	GlobalSection(SolutionConfigurationPlatforms) = preSolution
		Debug|Any CPU = Debug|Any CPU
		Release|Any CPU = Release|Any CPU
	EndGlobalSection
	GlobalSection(ProjectConfigurationPlatforms) = postSolution
		{82E86D34-1514-4EC3-9084-CE79B834A8F4}.Debug|Any CPU.ActiveCfg = Debug|Any CPU
		{82E86D34-1514-4EC3-9084-CE79B834A8F4}.Debug|Any CPU.Build.0 = Debug|Any CPU
		{82E86D34-1514-4EC3-9084-CE79B834A8F4}.Release|Any CPU.ActiveCfg = Release|Any CPU
		{82E86D34-1514-4EC3-9084-CE79B834A8F4}.Release|Any CPU.Build.0 = Release|Any CPU
	EndGlobalSection
	GlobalSection(SolutionProperties) = preSolution
		HideSolutionNode = FALSE
	EndGlobalSection
EndGlobal
